// !$*UTF8*$!
{
	archiveVersion = 1;
	classes = {
	};
	objectVersion = 56;
	objects = {

/* Begin PBXBuildFile section */
		EBA958A22BB789F9006DBB7D /* Park_FinderApp.swift in Sources */ = {isa = PBXBuildFile; fileRef = EBA958A12BB789F9006DBB7D /* Park_FinderApp.swift */; };
		EBA958A42BB789F9006DBB7D /* ParkDetailsScreen.swift in Sources */ = {isa = PBXBuildFile; fileRef = EBA958A32BB789F9006DBB7D /* ParkDetailsScreen.swift */; };
		EBA958A62BB789FB006DBB7D /* Assets.xcassets in Resources */ = {isa = PBXBuildFile; fileRef = EBA958A52BB789FB006DBB7D /* Assets.xcassets */; };
		EBA958A92BB789FB006DBB7D /* Preview Assets.xcassets in Resources */ = {isa = PBXBuildFile; fileRef = EBA958A82BB789FB006DBB7D /* Preview Assets.xcassets */; };
		EBA958B12BB78A82006DBB7D /* StretchyHeader.swift in Sources */ = {isa = PBXBuildFile; fileRef = EBA958B02BB78A82006DBB7D /* StretchyHeader.swift */; };
		EBA958B42BB78AC1006DBB7D /* AttributePillView.swift in Sources */ = {isa = PBXBuildFile; fileRef = EBA958B32BB78AC1006DBB7D /* AttributePillView.swift */; };
		EBA958B62BB78AD9006DBB7D /* DescriptionView.swift in Sources */ = {isa = PBXBuildFile; fileRef = EBA958B52BB78AD9006DBB7D /* DescriptionView.swift */; };
		EBA958B82BB78AF0006DBB7D /* GroundParkingCalloutView.swift in Sources */ = {isa = PBXBuildFile; fileRef = EBA958B72BB78AF0006DBB7D /* GroundParkingCalloutView.swift */; };
		EBA958BA2BB78B0B006DBB7D /* NavBarIconView.swift in Sources */ = {isa = PBXBuildFile; fileRef = EBA958B92BB78B0B006DBB7D /* NavBarIconView.swift */; };
		EBA958BC2BB78B2A006DBB7D /* NavBarRectangleView.swift in Sources */ = {isa = PBXBuildFile; fileRef = EBA958BB2BB78B2A006DBB7D /* NavBarRectangleView.swift */; };
		EBA958BE2BB78B41006DBB7D /* ParkDetailsBannerImageView.swift in Sources */ = {isa = PBXBuildFile; fileRef = EBA958BD2BB78B41006DBB7D /* ParkDetailsBannerImageView.swift */; };
		EBA958C02BB78B59006DBB7D /* ParkDetailsTitleView.swift in Sources */ = {isa = PBXBuildFile; fileRef = EBA958BF2BB78B59006DBB7D /* ParkDetailsTitleView.swift */; };
		EBA958C22BB78B6E006DBB7D /* WeatherDayView.swift in Sources */ = {isa = PBXBuildFile; fileRef = EBA958C12BB78B6E006DBB7D /* WeatherDayView.swift */; };
		EBA958C72BB78BF4006DBB7D /* AttributePillsModel.swift in Sources */ = {isa = PBXBuildFile; fileRef = EBA958C62BB78BF4006DBB7D /* AttributePillsModel.swift */; };
		EBA958C92BB78C10006DBB7D /* ParkDetailsNavBarModel.swift in Sources */ = {isa = PBXBuildFile; fileRef = EBA958C82BB78C10006DBB7D /* ParkDetailsNavBarModel.swift */; };
		EBA958CB2BB78C26006DBB7D /* WeatherDaysDataModel.swift in Sources */ = {isa = PBXBuildFile; fileRef = EBA958CA2BB78C26006DBB7D /* WeatherDaysDataModel.swift */; };
		EBA958CD2BB8A27F006DBB7D /* ParkDetailsViewModel.swift in Sources */ = {isa = PBXBuildFile; fileRef = EBA958CC2BB8A27F006DBB7D /* ParkDetailsViewModel.swift */; };
		EBA958D12BB8B078006DBB7D /* ParkModels.swift in Sources */ = {isa = PBXBuildFile; fileRef = EBA958D02BB8B078006DBB7D /* ParkModels.swift */; };
		EBA958D92BBA7B13006DBB7D /* AttributeDetailsView.swift in Sources */ = {isa = PBXBuildFile; fileRef = EBA958D82BBA7B13006DBB7D /* AttributeDetailsView.swift */; };
		EBA958DB2BBB095C006DBB7D /* PrivacyInfo.xcprivacy in Resources */ = {isa = PBXBuildFile; fileRef = EBA958DA2BBB095C006DBB7D /* PrivacyInfo.xcprivacy */; };
		EBA958DE2BBB77EA006DBB7D /* SearchableMapView.swift in Sources */ = {isa = PBXBuildFile; fileRef = EBA958DD2BBB77EA006DBB7D /* SearchableMapView.swift */; };
		EBA958E02BBE3ED9006DBB7D /* SheetView.swift in Sources */ = {isa = PBXBuildFile; fileRef = EBA958DF2BBE3ED9006DBB7D /* SheetView.swift */; };
		EBA958E22BBE3FBE006DBB7D /* LocationService.swift in Sources */ = {isa = PBXBuildFile; fileRef = EBA958E12BBE3FBE006DBB7D /* LocationService.swift */; };
		EBC32E432BCEE161001BCDC6 /* TopNavBarOverlay.swift in Sources */ = {isa = PBXBuildFile; fileRef = EBC32E422BCEE161001BCDC6 /* TopNavBarOverlay.swift */; };
/* End PBXBuildFile section */

/* Begin PBXFileReference section */
		EBA9589E2BB789F9006DBB7D /* Park_Finder.app */ = {isa = PBXFileReference; explicitFileType = wrapper.application; includeInIndex = 0; path = Park_Finder.app; sourceTree = BUILT_PRODUCTS_DIR; };
		EBA958A12BB789F9006DBB7D /* Park_FinderApp.swift */ = {isa = PBXFileReference; lastKnownFileType = sourcecode.swift; path = Park_FinderApp.swift; sourceTree = "<group>"; };
		EBA958A32BB789F9006DBB7D /* ParkDetailsScreen.swift */ = {isa = PBXFileReference; lastKnownFileType = sourcecode.swift; path = ParkDetailsScreen.swift; sourceTree = "<group>"; };
		EBA958A52BB789FB006DBB7D /* Assets.xcassets */ = {isa = PBXFileReference; lastKnownFileType = folder.assetcatalog; path = Assets.xcassets; sourceTree = "<group>"; };
		EBA958A82BB789FB006DBB7D /* Preview Assets.xcassets */ = {isa = PBXFileReference; lastKnownFileType = folder.assetcatalog; path = "Preview Assets.xcassets"; sourceTree = "<group>"; };
		EBA958B02BB78A82006DBB7D /* StretchyHeader.swift */ = {isa = PBXFileReference; lastKnownFileType = sourcecode.swift; path = StretchyHeader.swift; sourceTree = "<group>"; };
		EBA958B32BB78AC1006DBB7D /* AttributePillView.swift */ = {isa = PBXFileReference; lastKnownFileType = sourcecode.swift; path = AttributePillView.swift; sourceTree = "<group>"; };
		EBA958B52BB78AD9006DBB7D /* DescriptionView.swift */ = {isa = PBXFileReference; lastKnownFileType = sourcecode.swift; path = DescriptionView.swift; sourceTree = "<group>"; };
		EBA958B72BB78AF0006DBB7D /* GroundParkingCalloutView.swift */ = {isa = PBXFileReference; lastKnownFileType = sourcecode.swift; path = GroundParkingCalloutView.swift; sourceTree = "<group>"; };
		EBA958B92BB78B0B006DBB7D /* NavBarIconView.swift */ = {isa = PBXFileReference; lastKnownFileType = sourcecode.swift; path = NavBarIconView.swift; sourceTree = "<group>"; };
		EBA958BB2BB78B2A006DBB7D /* NavBarRectangleView.swift */ = {isa = PBXFileReference; lastKnownFileType = sourcecode.swift; path = NavBarRectangleView.swift; sourceTree = "<group>"; };
		EBA958BD2BB78B41006DBB7D /* ParkDetailsBannerImageView.swift */ = {isa = PBXFileReference; lastKnownFileType = sourcecode.swift; path = ParkDetailsBannerImageView.swift; sourceTree = "<group>"; };
		EBA958BF2BB78B59006DBB7D /* ParkDetailsTitleView.swift */ = {isa = PBXFileReference; lastKnownFileType = sourcecode.swift; path = ParkDetailsTitleView.swift; sourceTree = "<group>"; };
		EBA958C12BB78B6E006DBB7D /* WeatherDayView.swift */ = {isa = PBXFileReference; lastKnownFileType = sourcecode.swift; path = WeatherDayView.swift; sourceTree = "<group>"; };
		EBA958C62BB78BF4006DBB7D /* AttributePillsModel.swift */ = {isa = PBXFileReference; lastKnownFileType = sourcecode.swift; path = AttributePillsModel.swift; sourceTree = "<group>"; };
		EBA958C82BB78C10006DBB7D /* ParkDetailsNavBarModel.swift */ = {isa = PBXFileReference; lastKnownFileType = sourcecode.swift; path = ParkDetailsNavBarModel.swift; sourceTree = "<group>"; };
		EBA958CA2BB78C26006DBB7D /* WeatherDaysDataModel.swift */ = {isa = PBXFileReference; lastKnownFileType = sourcecode.swift; path = WeatherDaysDataModel.swift; sourceTree = "<group>"; };
		EBA958CC2BB8A27F006DBB7D /* ParkDetailsViewModel.swift */ = {isa = PBXFileReference; lastKnownFileType = sourcecode.swift; path = ParkDetailsViewModel.swift; sourceTree = "<group>"; };
		EBA958D02BB8B078006DBB7D /* ParkModels.swift */ = {isa = PBXFileReference; lastKnownFileType = sourcecode.swift; path = ParkModels.swift; sourceTree = "<group>"; };
		EBA958D82BBA7B13006DBB7D /* AttributeDetailsView.swift */ = {isa = PBXFileReference; lastKnownFileType = sourcecode.swift; path = AttributeDetailsView.swift; sourceTree = "<group>"; };
		EBA958DA2BBB095C006DBB7D /* PrivacyInfo.xcprivacy */ = {isa = PBXFileReference; lastKnownFileType = text.xml; path = PrivacyInfo.xcprivacy; sourceTree = "<group>"; };
		EBA958DD2BBB77EA006DBB7D /* SearchableMapView.swift */ = {isa = PBXFileReference; lastKnownFileType = sourcecode.swift; path = SearchableMapView.swift; sourceTree = "<group>"; };
		EBA958DF2BBE3ED9006DBB7D /* SheetView.swift */ = {isa = PBXFileReference; lastKnownFileType = sourcecode.swift; path = SheetView.swift; sourceTree = "<group>"; };
		EBA958E12BBE3FBE006DBB7D /* LocationService.swift */ = {isa = PBXFileReference; lastKnownFileType = sourcecode.swift; path = LocationService.swift; sourceTree = "<group>"; };
		EBC32E422BCEE161001BCDC6 /* TopNavBarOverlay.swift */ = {isa = PBXFileReference; lastKnownFileType = sourcecode.swift; path = TopNavBarOverlay.swift; sourceTree = "<group>"; };
/* End PBXFileReference section */

/* Begin PBXFrameworksBuildPhase section */
		EBA9589B2BB789F9006DBB7D /* Frameworks */ = {
			isa = PBXFrameworksBuildPhase;
			buildActionMask = 2147483647;
			files = (
			);
			runOnlyForDeploymentPostprocessing = 0;
		};
/* End PBXFrameworksBuildPhase section */

/* Begin PBXGroup section */
		EBA958952BB789F9006DBB7D = {
			isa = PBXGroup;
			children = (
				EBA958A02BB789F9006DBB7D /* Park_Finder */,
				EBA9589F2BB789F9006DBB7D /* Products */,
			);
			sourceTree = "<group>";
		};
		EBA9589F2BB789F9006DBB7D /* Products */ = {
			isa = PBXGroup;
			children = (
				EBA9589E2BB789F9006DBB7D /* Park_Finder.app */,
			);
			name = Products;
			sourceTree = "<group>";
		};
		EBA958A02BB789F9006DBB7D /* Park_Finder */ = {
			isa = PBXGroup;
			children = (
				EBA958C52BB78BDC006DBB7D /* Model */,
				EBA958C42BB78BA3006DBB7D /* Screens */,
				EBA958B22BB78AA0006DBB7D /* Views */,
				EBA958AF2BB78A60006DBB7D /* Extensions */,
				EBA958A12BB789F9006DBB7D /* Park_FinderApp.swift */,
				EBA958A52BB789FB006DBB7D /* Assets.xcassets */,
				EBA958A72BB789FB006DBB7D /* Preview Content */,
				EBA958DA2BBB095C006DBB7D /* PrivacyInfo.xcprivacy */,
			);
			path = Park_Finder;
			sourceTree = "<group>";
		};
		EBA958A72BB789FB006DBB7D /* Preview Content */ = {
			isa = PBXGroup;
			children = (
				EBA958A82BB789FB006DBB7D /* Preview Assets.xcassets */,
			);
			path = "Preview Content";
			sourceTree = "<group>";
		};
		EBA958AF2BB78A60006DBB7D /* Extensions */ = {
			isa = PBXGroup;
			children = (
				EBA958B02BB78A82006DBB7D /* StretchyHeader.swift */,
			);
			path = Extensions;
			sourceTree = "<group>";
		};
		EBA958B22BB78AA0006DBB7D /* Views */ = {
			isa = PBXGroup;
			children = (
				EBA958C32BB78B86006DBB7D /* ParkDetailsScreen */,
			);
			path = Views;
			sourceTree = "<group>";
		};
		EBA958C32BB78B86006DBB7D /* ParkDetailsScreen */ = {
			isa = PBXGroup;
			children = (
				EBA958B32BB78AC1006DBB7D /* AttributePillView.swift */,
				EBA958B52BB78AD9006DBB7D /* DescriptionView.swift */,
				EBA958B72BB78AF0006DBB7D /* GroundParkingCalloutView.swift */,
				EBA958B92BB78B0B006DBB7D /* NavBarIconView.swift */,
				EBA958BB2BB78B2A006DBB7D /* NavBarRectangleView.swift */,
				EBA958BD2BB78B41006DBB7D /* ParkDetailsBannerImageView.swift */,
				EBA958BF2BB78B59006DBB7D /* ParkDetailsTitleView.swift */,
				EBA958C12BB78B6E006DBB7D /* WeatherDayView.swift */,
				EBA958D82BBA7B13006DBB7D /* AttributeDetailsView.swift */,
				EBA958DD2BBB77EA006DBB7D /* SearchableMapView.swift */,
				EBA958DF2BBE3ED9006DBB7D /* SheetView.swift */,
				EBC32E422BCEE161001BCDC6 /* TopNavBarOverlay.swift */,
			);
			path = ParkDetailsScreen;
			sourceTree = "<group>";
		};
		EBA958C42BB78BA3006DBB7D /* Screens */ = {
			isa = PBXGroup;
			children = (
				EBA958A32BB789F9006DBB7D /* ParkDetailsScreen.swift */,
			);
			path = Screens;
			sourceTree = "<group>";
		};
		EBA958C52BB78BDC006DBB7D /* Model */ = {
			isa = PBXGroup;
			children = (
				EBA958C62BB78BF4006DBB7D /* AttributePillsModel.swift */,
				EBA958C82BB78C10006DBB7D /* ParkDetailsNavBarModel.swift */,
				EBA958CA2BB78C26006DBB7D /* WeatherDaysDataModel.swift */,
				EBA958CC2BB8A27F006DBB7D /* ParkDetailsViewModel.swift */,
				EBA958D02BB8B078006DBB7D /* ParkModels.swift */,
				EBA958E12BBE3FBE006DBB7D /* LocationService.swift */,
			);
			path = Model;
			sourceTree = "<group>";
		};
/* End PBXGroup section */

/* Begin PBXNativeTarget section */
		EBA9589D2BB789F9006DBB7D /* Park_Finder */ = {
			isa = PBXNativeTarget;
			buildConfigurationList = EBA958AC2BB789FB006DBB7D /* Build configuration list for PBXNativeTarget "Park_Finder" */;
			buildPhases = (
				EBA9589A2BB789F9006DBB7D /* Sources */,
				EBA9589B2BB789F9006DBB7D /* Frameworks */,
				EBA9589C2BB789F9006DBB7D /* Resources */,
			);
			buildRules = (
			);
			dependencies = (
			);
			name = Park_Finder;
			productName = Park_Finder;
			productReference = EBA9589E2BB789F9006DBB7D /* Park_Finder.app */;
			productType = "com.apple.product-type.application";
		};
/* End PBXNativeTarget section */

/* Begin PBXProject section */
		EBA958962BB789F9006DBB7D /* Project object */ = {
			isa = PBXProject;
			attributes = {
				BuildIndependentTargetsInParallel = 1;
				LastSwiftUpdateCheck = 1510;
				LastUpgradeCheck = 1510;
				TargetAttributes = {
					EBA9589D2BB789F9006DBB7D = {
						CreatedOnToolsVersion = 15.1;
					};
				};
			};
			buildConfigurationList = EBA958992BB789F9006DBB7D /* Build configuration list for PBXProject "Park_Finder" */;
			compatibilityVersion = "Xcode 14.0";
			developmentRegion = en;
			hasScannedForEncodings = 0;
			knownRegions = (
				en,
				Base,
			);
			mainGroup = EBA958952BB789F9006DBB7D;
			productRefGroup = EBA9589F2BB789F9006DBB7D /* Products */;
			projectDirPath = "";
			projectRoot = "";
			targets = (
				EBA9589D2BB789F9006DBB7D /* Park_Finder */,
			);
		};
/* End PBXProject section */

/* Begin PBXResourcesBuildPhase section */
		EBA9589C2BB789F9006DBB7D /* Resources */ = {
			isa = PBXResourcesBuildPhase;
			buildActionMask = 2147483647;
			files = (
				EBA958DB2BBB095C006DBB7D /* PrivacyInfo.xcprivacy in Resources */,
				EBA958A92BB789FB006DBB7D /* Preview Assets.xcassets in Resources */,
				EBA958A62BB789FB006DBB7D /* Assets.xcassets in Resources */,
			);
			runOnlyForDeploymentPostprocessing = 0;
		};
/* End PBXResourcesBuildPhase section */

/* Begin PBXSourcesBuildPhase section */
		EBA9589A2BB789F9006DBB7D /* Sources */ = {
			isa = PBXSourcesBuildPhase;
			buildActionMask = 2147483647;
			files = (
				EBA958A42BB789F9006DBB7D /* ParkDetailsScreen.swift in Sources */,
				EBA958C72BB78BF4006DBB7D /* AttributePillsModel.swift in Sources */,
				EBA958E22BBE3FBE006DBB7D /* LocationService.swift in Sources */,
				EBA958A22BB789F9006DBB7D /* Park_FinderApp.swift in Sources */,
				EBA958C02BB78B59006DBB7D /* ParkDetailsTitleView.swift in Sources */,
				EBA958B42BB78AC1006DBB7D /* AttributePillView.swift in Sources */,
				EBA958CD2BB8A27F006DBB7D /* ParkDetailsViewModel.swift in Sources */,
				EBA958CB2BB78C26006DBB7D /* WeatherDaysDataModel.swift in Sources */,
				EBA958DE2BBB77EA006DBB7D /* SearchableMapView.swift in Sources */,
				EBA958B82BB78AF0006DBB7D /* GroundParkingCalloutView.swift in Sources */,
				EBA958C22BB78B6E006DBB7D /* WeatherDayView.swift in Sources */,
				EBA958D12BB8B078006DBB7D /* ParkModels.swift in Sources */,
				EBA958BA2BB78B0B006DBB7D /* NavBarIconView.swift in Sources */,
				EBA958C92BB78C10006DBB7D /* ParkDetailsNavBarModel.swift in Sources */,
				EBA958B12BB78A82006DBB7D /* StretchyHeader.swift in Sources */,
				EBC32E432BCEE161001BCDC6 /* TopNavBarOverlay.swift in Sources */,
				EBA958D92BBA7B13006DBB7D /* AttributeDetailsView.swift in Sources */,
				EBA958BC2BB78B2A006DBB7D /* NavBarRectangleView.swift in Sources */,
				EBA958E02BBE3ED9006DBB7D /* SheetView.swift in Sources */,
				EBA958B62BB78AD9006DBB7D /* DescriptionView.swift in Sources */,
				EBA958BE2BB78B41006DBB7D /* ParkDetailsBannerImageView.swift in Sources */,
			);
			runOnlyForDeploymentPostprocessing = 0;
		};
/* End PBXSourcesBuildPhase section */

/* Begin XCBuildConfiguration section */
		EBA958AA2BB789FB006DBB7D /* Debug */ = {
			isa = XCBuildConfiguration;
			buildSettings = {
				ALWAYS_SEARCH_USER_PATHS = NO;
				ASSETCATALOG_COMPILER_GENERATE_SWIFT_ASSET_SYMBOL_EXTENSIONS = YES;
				CLANG_ANALYZER_NONNULL = YES;
				CLANG_ANALYZER_NUMBER_OBJECT_CONVERSION = YES_AGGRESSIVE;
				CLANG_CXX_LANGUAGE_STANDARD = "gnu++20";
				CLANG_ENABLE_MODULES = YES;
				CLANG_ENABLE_OBJC_ARC = YES;
				CLANG_ENABLE_OBJC_WEAK = YES;
				CLANG_WARN_BLOCK_CAPTURE_AUTORELEASING = YES;
				CLANG_WARN_BOOL_CONVERSION = YES;
				CLANG_WARN_COMMA = YES;
				CLANG_WARN_CONSTANT_CONVERSION = YES;
				CLANG_WARN_DEPRECATED_OBJC_IMPLEMENTATIONS = YES;
				CLANG_WARN_DIRECT_OBJC_ISA_USAGE = YES_ERROR;
				CLANG_WARN_DOCUMENTATION_COMMENTS = YES;
				CLANG_WARN_EMPTY_BODY = YES;
				CLANG_WARN_ENUM_CONVERSION = YES;
				CLANG_WARN_INFINITE_RECURSION = YES;
				CLANG_WARN_INT_CONVERSION = YES;
				CLANG_WARN_NON_LITERAL_NULL_CONVERSION = YES;
				CLANG_WARN_OBJC_IMPLICIT_RETAIN_SELF = YES;
				CLANG_WARN_OBJC_LITERAL_CONVERSION = YES;
				CLANG_WARN_OBJC_ROOT_CLASS = YES_ERROR;
				CLANG_WARN_QUOTED_INCLUDE_IN_FRAMEWORK_HEADER = YES;
				CLANG_WARN_RANGE_LOOP_ANALYSIS = YES;
				CLANG_WARN_STRICT_PROTOTYPES = YES;
				CLANG_WARN_SUSPICIOUS_MOVE = YES;
				CLANG_WARN_UNGUARDED_AVAILABILITY = YES_AGGRESSIVE;
				CLANG_WARN_UNREACHABLE_CODE = YES;
				CLANG_WARN__DUPLICATE_METHOD_MATCH = YES;
				COPY_PHASE_STRIP = NO;
				DEBUG_INFORMATION_FORMAT = dwarf;
				ENABLE_STRICT_OBJC_MSGSEND = YES;
				ENABLE_TESTABILITY = YES;
				ENABLE_USER_SCRIPT_SANDBOXING = YES;
				GCC_C_LANGUAGE_STANDARD = gnu17;
				GCC_DYNAMIC_NO_PIC = NO;
				GCC_NO_COMMON_BLOCKS = YES;
				GCC_OPTIMIZATION_LEVEL = 0;
				GCC_PREPROCESSOR_DEFINITIONS = (
					"DEBUG=1",
					"$(inherited)",
				);
				GCC_WARN_64_TO_32_BIT_CONVERSION = YES;
				GCC_WARN_ABOUT_RETURN_TYPE = YES_ERROR;
				GCC_WARN_UNDECLARED_SELECTOR = YES;
				GCC_WARN_UNINITIALIZED_AUTOS = YES_AGGRESSIVE;
				GCC_WARN_UNUSED_FUNCTION = YES;
				GCC_WARN_UNUSED_VARIABLE = YES;
				IPHONEOS_DEPLOYMENT_TARGET = 17.2;
				LOCALIZATION_PREFERS_STRING_CATALOGS = YES;
				MTL_ENABLE_DEBUG_INFO = INCLUDE_SOURCE;
				MTL_FAST_MATH = YES;
				ONLY_ACTIVE_ARCH = YES;
				SDKROOT = iphoneos;
				SWIFT_ACTIVE_COMPILATION_CONDITIONS = "DEBUG $(inherited)";
				SWIFT_OPTIMIZATION_LEVEL = "-Onone";
			};
			name = Debug;
		};
		EBA958AB2BB789FB006DBB7D /* Release */ = {
			isa = XCBuildConfiguration;
			buildSettings = {
				ALWAYS_SEARCH_USER_PATHS = NO;
				ASSETCATALOG_COMPILER_GENERATE_SWIFT_ASSET_SYMBOL_EXTENSIONS = YES;
				CLANG_ANALYZER_NONNULL = YES;
				CLANG_ANALYZER_NUMBER_OBJECT_CONVERSION = YES_AGGRESSIVE;
				CLANG_CXX_LANGUAGE_STANDARD = "gnu++20";
				CLANG_ENABLE_MODULES = YES;
				CLANG_ENABLE_OBJC_ARC = YES;
				CLANG_ENABLE_OBJC_WEAK = YES;
				CLANG_WARN_BLOCK_CAPTURE_AUTORELEASING = YES;
				CLANG_WARN_BOOL_CONVERSION = YES;
				CLANG_WARN_COMMA = YES;
				CLANG_WARN_CONSTANT_CONVERSION = YES;
				CLANG_WARN_DEPRECATED_OBJC_IMPLEMENTATIONS = YES;
				CLANG_WARN_DIRECT_OBJC_ISA_USAGE = YES_ERROR;
				CLANG_WARN_DOCUMENTATION_COMMENTS = YES;
				CLANG_WARN_EMPTY_BODY = YES;
				CLANG_WARN_ENUM_CONVERSION = YES;
				CLANG_WARN_INFINITE_RECURSION = YES;
				CLANG_WARN_INT_CONVERSION = YES;
				CLANG_WARN_NON_LITERAL_NULL_CONVERSION = YES;
				CLANG_WARN_OBJC_IMPLICIT_RETAIN_SELF = YES;
				CLANG_WARN_OBJC_LITERAL_CONVERSION = YES;
				CLANG_WARN_OBJC_ROOT_CLASS = YES_ERROR;
				CLANG_WARN_QUOTED_INCLUDE_IN_FRAMEWORK_HEADER = YES;
				CLANG_WARN_RANGE_LOOP_ANALYSIS = YES;
				CLANG_WARN_STRICT_PROTOTYPES = YES;
				CLANG_WARN_SUSPICIOUS_MOVE = YES;
				CLANG_WARN_UNGUARDED_AVAILABILITY = YES_AGGRESSIVE;
				CLANG_WARN_UNREACHABLE_CODE = YES;
				CLANG_WARN__DUPLICATE_METHOD_MATCH = YES;
				COPY_PHASE_STRIP = NO;
				DEBUG_INFORMATION_FORMAT = "dwarf-with-dsym";
				ENABLE_NS_ASSERTIONS = NO;
				ENABLE_STRICT_OBJC_MSGSEND = YES;
				ENABLE_USER_SCRIPT_SANDBOXING = YES;
				GCC_C_LANGUAGE_STANDARD = gnu17;
				GCC_NO_COMMON_BLOCKS = YES;
				GCC_WARN_64_TO_32_BIT_CONVERSION = YES;
				GCC_WARN_ABOUT_RETURN_TYPE = YES_ERROR;
				GCC_WARN_UNDECLARED_SELECTOR = YES;
				GCC_WARN_UNINITIALIZED_AUTOS = YES_AGGRESSIVE;
				GCC_WARN_UNUSED_FUNCTION = YES;
				GCC_WARN_UNUSED_VARIABLE = YES;
				IPHONEOS_DEPLOYMENT_TARGET = 17.2;
				LOCALIZATION_PREFERS_STRING_CATALOGS = YES;
				MTL_ENABLE_DEBUG_INFO = NO;
				MTL_FAST_MATH = YES;
				SDKROOT = iphoneos;
				SWIFT_COMPILATION_MODE = wholemodule;
				VALIDATE_PRODUCT = YES;
			};
			name = Release;
		};
		EBA958AD2BB789FB006DBB7D /* Debug */ = {
			isa = XCBuildConfiguration;
			buildSettings = {
				ASSETCATALOG_COMPILER_APPICON_NAME = AppIcon;
				ASSETCATALOG_COMPILER_GLOBAL_ACCENT_COLOR_NAME = AccentColor;
				CODE_SIGN_STYLE = Automatic;
				CURRENT_PROJECT_VERSION = 1;
				DEVELOPMENT_ASSET_PATHS = "\"Park_Finder/Preview Content\"";
				DEVELOPMENT_TEAM = 2YSQD8TR77;
				ENABLE_PREVIEWS = YES;
				GENERATE_INFOPLIST_FILE = YES;
				INFOPLIST_KEY_UIApplicationSceneManifest_Generation = YES;
				INFOPLIST_KEY_UIApplicationSupportsIndirectInputEvents = YES;
				INFOPLIST_KEY_UILaunchScreen_Generation = YES;
				INFOPLIST_KEY_UISupportedInterfaceOrientations_iPad = "UIInterfaceOrientationPortrait UIInterfaceOrientationPortraitUpsideDown UIInterfaceOrientationLandscapeLeft UIInterfaceOrientationLandscapeRight";
				INFOPLIST_KEY_UISupportedInterfaceOrientations_iPhone = "UIInterfaceOrientationPortrait UIInterfaceOrientationLandscapeLeft UIInterfaceOrientationLandscapeRight";
				LD_RUNPATH_SEARCH_PATHS = (
					"$(inherited)",
					"@executable_path/Frameworks",
				);
				MARKETING_VERSION = 1.0;
				PRODUCT_BUNDLE_IDENTIFIER = "Vince-Muller.Park-Finder";
				PRODUCT_NAME = "$(TARGET_NAME)";
				SWIFT_EMIT_LOC_STRINGS = YES;
				SWIFT_VERSION = 5.0;
				TARGETED_DEVICE_FAMILY = "1,2";
			};
			name = Debug;
		};
		EBA958AE2BB789FB006DBB7D /* Release */ = {
			isa = XCBuildConfiguration;
			buildSettings = {
				ASSETCATALOG_COMPILER_APPICON_NAME = AppIcon;
				ASSETCATALOG_COMPILER_GLOBAL_ACCENT_COLOR_NAME = AccentColor;
				CODE_SIGN_STYLE = Automatic;
				CURRENT_PROJECT_VERSION = 1;
				DEVELOPMENT_ASSET_PATHS = "\"Park_Finder/Preview Content\"";
				DEVELOPMENT_TEAM = 2YSQD8TR77;
				ENABLE_PREVIEWS = YES;
				GENERATE_INFOPLIST_FILE = YES;
				INFOPLIST_KEY_UIApplicationSceneManifest_Generation = YES;
				INFOPLIST_KEY_UIApplicationSupportsIndirectInputEvents = YES;
				INFOPLIST_KEY_UILaunchScreen_Generation = YES;
				INFOPLIST_KEY_UISupportedInterfaceOrientations_iPad = "UIInterfaceOrientationPortrait UIInterfaceOrientationPortraitUpsideDown UIInterfaceOrientationLandscapeLeft UIInterfaceOrientationLandscapeRight";
				INFOPLIST_KEY_UISupportedInterfaceOrientations_iPhone = "UIInterfaceOrientationPortrait UIInterfaceOrientationLandscapeLeft UIInterfaceOrientationLandscapeRight";
				LD_RUNPATH_SEARCH_PATHS = (
					"$(inherited)",
					"@executable_path/Frameworks",
				);
				MARKETING_VERSION = 1.0;
				PRODUCT_BUNDLE_IDENTIFIER = "Vince-Muller.Park-Finder";
				PRODUCT_NAME = "$(TARGET_NAME)";
				SWIFT_EMIT_LOC_STRINGS = YES;
				SWIFT_VERSION = 5.0;
				TARGETED_DEVICE_FAMILY = "1,2";
			};
			name = Release;
		};
/* End XCBuildConfiguration section */

/* Begin XCConfigurationList section */
		EBA958992BB789F9006DBB7D /* Build configuration list for PBXProject "Park_Finder" */ = {
			isa = XCConfigurationList;
			buildConfigurations = (
				EBA958AA2BB789FB006DBB7D /* Debug */,
				EBA958AB2BB789FB006DBB7D /* Release */,
			);
			defaultConfigurationIsVisible = 0;
			defaultConfigurationName = Release;
		};
		EBA958AC2BB789FB006DBB7D /* Build configuration list for PBXNativeTarget "Park_Finder" */ = {
			isa = XCConfigurationList;
			buildConfigurations = (
				EBA958AD2BB789FB006DBB7D /* Debug */,
				EBA958AE2BB789FB006DBB7D /* Release */,
			);
			defaultConfigurationIsVisible = 0;
			defaultConfigurationName = Release;
		};
/* End XCConfigurationList section */
	};
	rootObject = EBA958962BB789F9006DBB7D /* Project object */;
}
